
Microsoft Visual Studio Solution File, Format Version 12.00
# Visual Studio Version 16
VisualStudioVersion = 16.0.31624.102
MinimumVisualStudioVersion = 10.0.40219.1
Project("{9A19103F-16F7-4668-BE54-9A1E7A4F7556}") = "AboneYonetim.Entities", "AboneYonetim.Entities\AboneYonetim.Entities.csproj", "{A0C5313E-8A3A-49F4-B1CB-50276277B93D}"
EndProject
Project("{9A19103F-16F7-4668-BE54-9A1E7A4F7556}") = "AboneYonetim.WebAPI", "AboneYonetim.WebAPI\AboneYonetim.WebAPI.csproj", "{58FB09B4-B7A0-4759-AFEE-D6DF36891682}"
EndProject
Project("{9A19103F-16F7-4668-BE54-9A1E7A4F7556}") = "AboneYonetim.WebUI", "AboneYonetim.WebUI\AboneYonetim.WebUI.csproj", "{BBEBFAF6-D252-45D8-8F04-391B3146220F}"
EndProject
Global
	GlobalSection(SolutionConfigurationPlatforms) = preSolution
		Debug|Any CPU = Debug|Any CPU
		Release|Any CPU = Release|Any CPU
	EndGlobalSection
	GlobalSection(ProjectConfigurationPlatforms) = postSolution
		{A0C5313E-8A3A-49F4-B1CB-50276277B93D}.Debug|Any CPU.ActiveCfg = Debug|Any CPU
		{A0C5313E-8A3A-49F4-B1CB-50276277B93D}.Debug|Any CPU.Build.0 = Debug|Any CPU
		{A0C5313E-8A3A-49F4-B1CB-50276277B93D}.Release|Any CPU.ActiveCfg = Release|Any CPU
		{A0C5313E-8A3A-49F4-B1CB-50276277B93D}.Release|Any CPU.Build.0 = Release|Any CPU
		{58FB09B4-B7A0-4759-AFEE-D6DF36891682}.Debug|Any CPU.ActiveCfg = Debug|Any CPU
		{58FB09B4-B7A0-4759-AFEE-D6DF36891682}.Debug|Any CPU.Build.0 = Debug|Any CPU
		{58FB09B4-B7A0-4759-AFEE-D6DF36891682}.Release|Any CPU.ActiveCfg = Release|Any CPU
		{58FB09B4-B7A0-4759-AFEE-D6DF36891682}.Release|Any CPU.Build.0 = Release|Any CPU
		{BBEBFAF6-D252-45D8-8F04-391B3146220F}.Debug|Any CPU.ActiveCfg = Debug|Any CPU
		{BBEBFAF6-D252-45D8-8F04-391B3146220F}.Debug|Any CPU.Build.0 = Debug|Any CPU
		{BBEBFAF6-D252-45D8-8F04-391B3146220F}.Release|Any CPU.ActiveCfg = Release|Any CPU
		{BBEBFAF6-D252-45D8-8F04-391B3146220F}.Release|Any CPU.Build.0 = Release|Any CPU
	EndGlobalSection
	GlobalSection(SolutionProperties) = preSolution
		HideSolutionNode = FALSE
	EndGlobalSection
	GlobalSection(ExtensibilityGlobals) = postSolution
		SolutionGuid = {B48046E7-1762-40E5-8D9C-6FB2679A9F85}
	EndGlobalSection
EndGlobal
